
Microsoft Visual Studio Solution File, Format Version 12.00
# Visual Studio 15
VisualStudioVersion = 15.0.27004.2006
MinimumVisualStudioVersion = 10.0.40219.1
Project("{FAE04EC0-301F-11D3-BF4B-00C04F79EFBC}") = "PartialityLauncher", "PartialityLauncher\PartialityLauncher.csproj", "{C88D23C6-B9A8-4914-A412-609494ABFFA5}"
EndProject
Project("{FAE04EC0-301F-11D3-BF4B-00C04F79EFBC}") = "MonoMod", "..\PartialityPatch\lib-projs\MonoMod\MonoMod.csproj", "{8A17C958-5C33-4035-AF76-F94A3AA2DC4F}"
EndProject
Global
	GlobalSection(SolutionConfigurationPlatforms) = preSolution
		Debug|Any CPU = Debug|Any CPU
		Release|Any CPU = Release|Any CPU
	EndGlobalSection
	GlobalSection(ProjectConfigurationPlatforms) = postSolution
		{C88D23C6-B9A8-4914-A412-609494ABFFA5}.Debug|Any CPU.ActiveCfg = Debug|Any CPU
		{C88D23C6-B9A8-4914-A412-609494ABFFA5}.Debug|Any CPU.Build.0 = Debug|Any CPU
		{C88D23C6-B9A8-4914-A412-609494ABFFA5}.Release|Any CPU.ActiveCfg = Release|Any CPU
		{C88D23C6-B9A8-4914-A412-609494ABFFA5}.Release|Any CPU.Build.0 = Release|Any CPU
		{8A17C958-5C33-4035-AF76-F94A3AA2DC4F}.Debug|Any CPU.ActiveCfg = Debug|Any CPU
		{8A17C958-5C33-4035-AF76-F94A3AA2DC4F}.Debug|Any CPU.Build.0 = Debug|Any CPU
		{8A17C958-5C33-4035-AF76-F94A3AA2DC4F}.Release|Any CPU.ActiveCfg = Release|Any CPU
		{8A17C958-5C33-4035-AF76-F94A3AA2DC4F}.Release|Any CPU.Build.0 = Release|Any CPU
	EndGlobalSection
	GlobalSection(SolutionProperties) = preSolution
		HideSolutionNode = FALSE
	EndGlobalSection
	GlobalSection(ExtensibilityGlobals) = postSolution
		SolutionGuid = {9BA5D349-A358-4C46-B1C1-A5967B6BF19E}
	EndGlobalSection
EndGlobal
